// !$*UTF8*$!
{
	archiveVersion = 1;
	classes = {
	};
	objectVersion = 46;
	objects = {

/* Begin PBXBuildFile section */
		3D6C21661EDD0E0500966F03 /* AppDelegate.swift in Sources */ = {isa = PBXBuildFile; fileRef = 3D6C21651EDD0E0500966F03 /* AppDelegate.swift */; };
		3D6C21681EDD0E0500966F03 /* ViewController.swift in Sources */ = {isa = PBXBuildFile; fileRef = 3D6C21671EDD0E0500966F03 /* ViewController.swift */; };
		3D6C216B1EDD0E0500966F03 /* Main.storyboard in Resources */ = {isa = PBXBuildFile; fileRef = 3D6C21691EDD0E0500966F03 /* Main.storyboard */; };
		3D6C216D1EDD0E0500966F03 /* Assets.xcassets in Resources */ = {isa = PBXBuildFile; fileRef = 3D6C216C1EDD0E0500966F03 /* Assets.xcassets */; };
		3D6C21701EDD0E0500966F03 /* LaunchScreen.storyboard in Resources */ = {isa = PBXBuildFile; fileRef = 3D6C216E1EDD0E0500966F03 /* LaunchScreen.storyboard */; };
/* End PBXBuildFile section */

/* Begin PBXFileReference section */
		3D6C21621EDD0E0500966F03 /* Tappity.app */ = {isa = PBXFileReference; explicitFileType = wrapper.application; includeInIndex = 0; path = Tappity.app; sourceTree = BUILT_PRODUCTS_DIR; };
		3D6C21651EDD0E0500966F03 /* AppDelegate.swift */ = {isa = PBXFileReference; lastKnownFileType = sourcecode.swift; path = AppDelegate.swift; sourceTree = "<group>"; };
		3D6C21671EDD0E0500966F03 /* ViewController.swift */ = {isa = PBXFileReference; lastKnownFileType = sourcecode.swift; path = ViewController.swift; sourceTree = "<group>"; };
		3D6C216A1EDD0E0500966F03 /* Base */ = {isa = PBXFileReference; lastKnownFileType = file.storyboard; name = Base; path = Base.lproj/Main.storyboard; sourceTree = "<group>"; };
		3D6C216C1EDD0E0500966F03 /* Assets.xcassets */ = {isa = PBXFileReference; lastKnownFileType = folder.assetcatalog; path = Assets.xcassets; sourceTree = "<group>"; };
		3D6C216F1EDD0E0500966F03 /* Base */ = {isa = PBXFileReference; lastKnownFileType = file.storyboard; name = Base; path = Base.lproj/LaunchScreen.storyboard; sourceTree = "<group>"; };
		3D6C21711EDD0E0500966F03 /* Info.plist */ = {isa = PBXFileReference; lastKnownFileType = text.plist.xml; path = Info.plist; sourceTree = "<group>"; };
/* End PBXFileReference section */

/* Begin PBXFrameworksBuildPhase section */
		3D6C215F1EDD0E0500966F03 /* Frameworks */ = {
			isa = PBXFrameworksBuildPhase;
			buildActionMask = 2147483647;
			files = (
			);
			runOnlyForDeploymentPostprocessing = 0;
		};
/* End PBXFrameworksBuildPhase section */

/* Begin PBXGroup section */
		3D6C21591EDD0E0500966F03 = {
			isa = PBXGroup;
			children = (
				3D6C21641EDD0E0500966F03 /* Tappity */,
				3D6C21631EDD0E0500966F03 /* Products */,
			);
			sourceTree = "<group>";
		};
		3D6C21631EDD0E0500966F03 /* Products */ = {
			isa = PBXGroup;
			children = (
				3D6C21621EDD0E0500966F03 /* Tappity.app */,
			);
			name = Products;
			sourceTree = "<group>";
		};
		3D6C21641EDD0E0500966F03 /* Tappity */ = {
			isa = PBXGroup;
			children = (
				3D6C21651EDD0E0500966F03 /* AppDelegate.swift */,
				3D6C21671EDD0E0500966F03 /* ViewController.swift */,
				3D6C21691EDD0E0500966F03 /* Main.storyboard */,
				3D6C216C1EDD0E0500966F03 /* Assets.xcassets */,
				3D6C216E1EDD0E0500966F03 /* LaunchScreen.storyboard */,
				3D6C21711EDD0E0500966F03 /* Info.plist */,
			);
			path = Tappity;
			sourceTree = "<group>";
		};
/* End PBXGroup section */

/* Begin PBXNativeTarget section */
		3D6C21611EDD0E0500966F03 /* Tappity */ = {
			isa = PBXNativeTarget;
			buildConfigurationList = 3D6C21741EDD0E0500966F03 /* Build configuration list for PBXNativeTarget "Tappity" */;
			buildPhases = (
				3D6C215E1EDD0E0500966F03 /* Sources */,
				3D6C215F1EDD0E0500966F03 /* Frameworks */,
				3D6C21601EDD0E0500966F03 /* Resources */,
			);
			buildRules = (
			);
			dependencies = (
			);
			name = Tappity;
			productName = Tappity;
			productReference = 3D6C21621EDD0E0500966F03 /* Tappity.app */;
			productType = "com.apple.product-type.application";
		};
/* End PBXNativeTarget section */

/* Begin PBXProject section */
		3D6C215A1EDD0E0500966F03 /* Project object */ = {
			isa = PBXProject;
			attributes = {
				LastSwiftUpdateCheck = 0830;
				LastUpgradeCheck = 0830;
				ORGANIZATIONNAME = "William Thompson";
				TargetAttributes = {
					3D6C21611EDD0E0500966F03 = {
						CreatedOnToolsVersion = 8.3.2;
						DevelopmentTeam = BPT6SAPP9R;
						ProvisioningStyle = Automatic;
					};
				};
			};
			buildConfigurationList = 3D6C215D1EDD0E0500966F03 /* Build configuration list for PBXProject "Tappity" */;
			compatibilityVersion = "Xcode 3.2";
			developmentRegion = English;
			hasScannedForEncodings = 0;
			knownRegions = (
				en,
				Base,
			);
			mainGroup = 3D6C21591EDD0E0500966F03;
			productRefGroup = 3D6C21631EDD0E0500966F03 /* Products */;
			projectDirPath = "";
			projectRoot = "";
			targets = (
				3D6C21611EDD0E0500966F03 /* Tappity */,
			);
		};
/* End PBXProject section */

/* Begin PBXResourcesBuildPhase section */
		3D6C21601EDD0E0500966F03 /* Resources */ = {
			isa = PBXResourcesBuildPhase;
			buildActionMask = 2147483647;
			files = (
				3D6C21701EDD0E0500966F03 /* LaunchScreen.storyboard in Resources */,
				3D6C216D1EDD0E0500966F03 /* Assets.xcassets in Resources */,
				3D6C216B1EDD0E0500966F03 /* Main.storyboard in Resources */,
			);
			runOnlyForDeploymentPostprocessing = 0;
		};
/* End PBXResourcesBuildPhase section */

/* Begin PBXSourcesBuildPhase section */
		3D6C215E1EDD0E0500966F03 /* Sources */ = {
			isa = PBXSourcesBuildPhase;
			buildActionMask = 2147483647;
			files = (
				3D6C21681EDD0E0500966F03 /* ViewController.swift in Sources */,
				3D6C21661EDD0E0500966F03 /* AppDelegate.swift in Sources */,
			);
			runOnlyForDeploymentPostprocessing = 0;
		};
/* End PBXSourcesBuildPhase section */

/* Begin PBXVariantGroup section */
		3D6C21691EDD0E0500966F03 /* Main.storyboard */ = {
			isa = PBXVariantGroup;
			children = (
				3D6C216A1EDD0E0500966F03 /* Base */,
			);
			name = Main.storyboard;
			sourceTree = "<group>";
		};
		3D6C216E1EDD0E0500966F03 /* LaunchScreen.storyboard */ = {
			isa = PBXVariantGroup;
			children = (
				3D6C216F1EDD0E0500966F03 /* Base */,
			);
			name = LaunchScreen.storyboard;
			sourceTree = "<group>";
		};
/* End PBXVariantGroup section */

/* Begin XCBuildConfiguration section */
		3D6C21721EDD0E0500966F03 /* Debug */ = {
			isa = XCBuildConfiguration;
			buildSettings = {
				ALWAYS_SEARCH_USER_PATHS = NO;
				CLANG_ANALYZER_NONNULL = YES;
				CLANG_ANALYZER_NUMBER_OBJECT_CONVERSION = YES_AGGRESSIVE;
				CLANG_CXX_LANGUAGE_STANDARD = "gnu++0x";
				CLANG_CXX_LIBRARY = "libc++";
				CLANG_ENABLE_MODULES = YES;
				CLANG_ENABLE_OBJC_ARC = YES;
				CLANG_WARN_BOOL_CONVERSION = YES;
				CLANG_WARN_CONSTANT_CONVERSION = YES;
				CLANG_WARN_DIRECT_OBJC_ISA_USAGE = YES_ERROR;
				CLANG_WARN_DOCUMENTATION_COMMENTS = YES;
				CLANG_WARN_EMPTY_BODY = YES;
				CLANG_WARN_ENUM_CONVERSION = YES;
				CLANG_WARN_INFINITE_RECURSION = YES;
				CLANG_WARN_INT_CONVERSION = YES;
				CLANG_WARN_OBJC_ROOT_CLASS = YES_ERROR;
				CLANG_WARN_SUSPICIOUS_MOVE = YES;
				CLANG_WARN_UNREACHABLE_CODE = YES;
				CLANG_WARN__DUPLICATE_METHOD_MATCH = YES;
				"CODE_SIGN_IDENTITY[sdk=iphoneos*]" = "iPhone Developer";
				COPY_PHASE_STRIP = NO;
				DEBUG_INFORMATION_FORMAT = dwarf;
				ENABLE_STRICT_OBJC_MSGSEND = YES;
				ENABLE_TESTABILITY = YES;
				GCC_C_LANGUAGE_STANDARD = gnu99;
				GCC_DYNAMIC_NO_PIC = NO;
				GCC_NO_COMMON_BLOCKS = YES;
				GCC_OPTIMIZATION_LEVEL = 0;
				GCC_PREPROCESSOR_DEFINITIONS = (
					"DEBUG=1",
					"$(inherited)",
				);
				GCC_WARN_64_TO_32_BIT_CONVERSION = YES;
				GCC_WARN_ABOUT_RETURN_TYPE = YES_ERROR;
				GCC_WARN_UNDECLARED_SELECTOR = YES;
				GCC_WARN_UNINITIALIZED_AUTOS = YES_AGGRESSIVE;
				GCC_WARN_UNUSED_FUNCTION = YES;
				GCC_WARN_UNUSED_VARIABLE = YES;
				IPHONEOS_DEPLOYMENT_TARGET = 10.3;
				MTL_ENABLE_DEBUG_INFO = YES;
				ONLY_ACTIVE_ARCH = YES;
				SDKROOT = iphoneos;
				SWIFT_ACTIVE_COMPILATION_CONDITIONS = DEBUG;
				SWIFT_OPTIMIZATION_LEVEL = "-Onone";
			};
			name = Debug;
		};
		3D6C21731EDD0E0500966F03 /* Release */ = {
			isa = XCBuildConfiguration;
			buildSettings = {
				ALWAYS_SEARCH_USER_PATHS = NO;
				CLANG_ANALYZER_NONNULL = YES;
				CLANG_ANALYZER_NUMBER_OBJECT_CONVERSION = YES_AGGRESSIVE;
				CLANG_CXX_LANGUAGE_STANDARD = "gnu++0x";
				CLANG_CXX_LIBRARY = "libc++";
				CLANG_ENABLE_MODULES = YES;
				CLANG_ENABLE_OBJC_ARC = YES;
				CLANG_WARN_BOOL_CONVERSION = YES;
				CLANG_WARN_CONSTANT_CONVERSION = YES;
				CLANG_WARN_DIRECT_OBJC_ISA_USAGE = YES_ERROR;
				CLANG_WARN_DOCUMENTATION_COMMENTS = YES;
				CLANG_WARN_EMPTY_BODY = YES;
				CLANG_WARN_ENUM_CONVERSION = YES;
				CLANG_WARN_INFINITE_RECURSION = YES;
				CLANG_WARN_INT_CONVERSION = YES;
				CLANG_WARN_OBJC_ROOT_CLASS = YES_ERROR;
				CLANG_WARN_SUSPICIOUS_MOVE = YES;
				CLANG_WARN_UNREACHABLE_CODE = YES;
				CLANG_WARN__DUPLICATE_METHOD_MATCH = YES;
				"CODE_SIGN_IDENTITY[sdk=iphoneos*]" = "iPhone Developer";
				COPY_PHASE_STRIP = NO;
				DEBUG_INFORMATION_FORMAT = "dwarf-with-dsym";
				ENABLE_NS_ASSERTIONS = NO;
				ENABLE_STRICT_OBJC_MSGSEND = YES;
				GCC_C_LANGUAGE_STANDARD = gnu99;
				GCC_NO_COMMON_BLOCKS = YES;
				GCC_WARN_64_TO_32_BIT_CONVERSION = YES;
				GCC_WARN_ABOUT_RETURN_TYPE = YES_ERROR;
				GCC_WARN_UNDECLARED_SELECTOR = YES;
				GCC_WARN_UNINITIALIZED_AUTOS = YES_AGGRESSIVE;
				GCC_WARN_UNUSED_FUNCTION = YES;
				GCC_WARN_UNUSED_VARIABLE = YES;
				IPHONEOS_DEPLOYMENT_TARGET = 10.3;
				MTL_ENABLE_DEBUG_INFO = NO;
				SDKROOT = iphoneos;
				SWIFT_OPTIMIZATION_LEVEL = "-Owholemodule";
				VALIDATE_PRODUCT = YES;
			};
			name = Release;
		};
		3D6C21751EDD0E0500966F03 /* Debug */ = {
			isa = XCBuildConfiguration;
			buildSettings = {
				ASSETCATALOG_COMPILER_APPICON_NAME = AppIcon;
				DEVELOPMENT_TEAM = BPT6SAPP9R;
				INFOPLIST_FILE = Tappity/Info.plist;
				LD_RUNPATH_SEARCH_PATHS = "$(inherited) @executable_path/Frameworks";
				PRODUCT_BUNDLE_IDENTIFIER = cgs.computing.WilliamThompson.Tappity;
				PRODUCT_NAME = "$(TARGET_NAME)";
				SWIFT_VERSION = 3.0;
			};
			name = Debug;
		};
		3D6C21761EDD0E0500966F03 /* Release */ = {
			isa = XCBuildConfiguration;
			buildSettings = {
				ASSETCATALOG_COMPILER_APPICON_NAME = AppIcon;
				DEVELOPMENT_TEAM = BPT6SAPP9R;
				INFOPLIST_FILE = Tappity/Info.plist;
				LD_RUNPATH_SEARCH_PATHS = "$(inherited) @executable_path/Frameworks";
				PRODUCT_BUNDLE_IDENTIFIER = cgs.computing.WilliamThompson.Tappity;
				PRODUCT_NAME = "$(TARGET_NAME)";
				SWIFT_VERSION = 3.0;
			};
			name = Release;
		};
/* End XCBuildConfiguration section */

/* Begin XCConfigurationList section */
		3D6C215D1EDD0E0500966F03 /* Build configuration list for PBXProject "Tappity" */ = {
			isa = XCConfigurationList;
			buildConfigurations = (
				3D6C21721EDD0E0500966F03 /* Debug */,
				3D6C21731EDD0E0500966F03 /* Release */,
			);
			defaultConfigurationIsVisible = 0;
			defaultConfigurationName = Release;
		};
		3D6C21741EDD0E0500966F03 /* Build configuration list for PBXNativeTarget "Tappity" */ = {
			isa = XCConfigurationList;
			buildConfigurations = (
				3D6C21751EDD0E0500966F03 /* Debug */,
				3D6C21761EDD0E0500966F03 /* Release */,
			);
			defaultConfigurationIsVisible = 0;
		};
/* End XCConfigurationList section */
	};
	rootObject = 3D6C215A1EDD0E0500966F03 /* Project object */;
}
